
Microsoft Visual Studio Solution File, Format Version 12.00
# Visual Studio Version 17
VisualStudioVersion = 17.7.34221.43
MinimumVisualStudioVersion = 10.0.40219.1
Project("{FAE04EC0-301F-11D3-BF4B-00C04F79EFBC}") = "dla żeńka", "dla żeńka\dla żeńka.csproj", "{5A9A8AA6-4C3C-4CE3-89DD-3E8B8843BB89}"
EndProject
Global
	GlobalSection(SolutionConfigurationPlatforms) = preSolution
		Debug|Any CPU = Debug|Any CPU
		Release|Any CPU = Release|Any CPU
	EndGlobalSection
	GlobalSection(ProjectConfigurationPlatforms) = postSolution
		{5A9A8AA6-4C3C-4CE3-89DD-3E8B8843BB89}.Debug|Any CPU.ActiveCfg = Debug|Any CPU
		{5A9A8AA6-4C3C-4CE3-89DD-3E8B8843BB89}.Debug|Any CPU.Build.0 = Debug|Any CPU
		{5A9A8AA6-4C3C-4CE3-89DD-3E8B8843BB89}.Release|Any CPU.ActiveCfg = Release|Any CPU
		{5A9A8AA6-4C3C-4CE3-89DD-3E8B8843BB89}.Release|Any CPU.Build.0 = Release|Any CPU
	EndGlobalSection
	GlobalSection(SolutionProperties) = preSolution
		HideSolutionNode = FALSE
	EndGlobalSection
	GlobalSection(ExtensibilityGlobals) = postSolution
		SolutionGuid = {D651DCD9-F307-48D5-85A5-8CF5EE3B64E5}
	EndGlobalSection
EndGlobal
